PODS:
  - Alamofire (4.4.0)
  - Realm (2.8.1):
    - Realm/Headers (= 2.8.1)
  - Realm/Headers (2.8.1)
  - RealmSwift (2.8.1):
    - Realm (= 2.8.1)
  - SwiftyJSON (3.1.4)

DEPENDENCIES:
  - Alamofire (~> 4.4)
  - RealmSwift
  - SwiftyJSON

SPEC CHECKSUMS:
  Alamofire: dc44b1600b800eb63da6a19039a0083d62a6a62d
  Realm: 2627602ad6818451f0cb8c2a6e072f7f10a5f360
  RealmSwift: 4764ca7657f2193c256fb032c0b123926f70dbcd
  SwiftyJSON: c2842d878f95482ffceec5709abc3d05680c0220

PODFILE CHECKSUM: 85c5158b9d1f2572801568da02b6a23bbed20411

COCOAPODS: 1.2.1
